
Microsoft Visual Studio Solution File, Format Version 12.00
# Visual Studio Version 17
VisualStudioVersion = 17.2.32616.157
MinimumVisualStudioVersion = 10.0.40219.1
Project("{FAE04EC0-301F-11D3-BF4B-00C04F79EFBC}") = "HW_1_algo", "HW_1_algo\HW_1_algo.csproj", "{89B2C21E-3C85-4FEF-941B-B522CB606BA7}"
EndProject
Global
	GlobalSection(SolutionConfigurationPlatforms) = preSolution
		Debug|Any CPU = Debug|Any CPU
		Release|Any CPU = Release|Any CPU
	EndGlobalSection
	GlobalSection(ProjectConfigurationPlatforms) = postSolution
		{89B2C21E-3C85-4FEF-941B-B522CB606BA7}.Debug|Any CPU.ActiveCfg = Debug|Any CPU
		{89B2C21E-3C85-4FEF-941B-B522CB606BA7}.Debug|Any CPU.Build.0 = Debug|Any CPU
		{89B2C21E-3C85-4FEF-941B-B522CB606BA7}.Release|Any CPU.ActiveCfg = Release|Any CPU
		{89B2C21E-3C85-4FEF-941B-B522CB606BA7}.Release|Any CPU.Build.0 = Release|Any CPU
	EndGlobalSection
	GlobalSection(SolutionProperties) = preSolution
		HideSolutionNode = FALSE
	EndGlobalSection
	GlobalSection(ExtensibilityGlobals) = postSolution
		SolutionGuid = {AD97621C-FE85-4609-BD48-D85AD09EF4A0}
	EndGlobalSection
EndGlobal
